
Microsoft Visual Studio Solution File, Format Version 12.00
# Visual Studio Version 17
VisualStudioVersion = 17.8.34330.188
MinimumVisualStudioVersion = 10.0.40219.1
Project("{8BC9CEB8-8B4A-11D0-8D11-00A0C91BC942}") = "LearningC", "LearningC\LearningC.vcxproj", "{0B01D975-4B39-4A86-B8C2-BDC6670C138A}"
EndProject
Project("{2150E333-8FDC-42A3-9474-1A3956D46DE8}") = "Chapters", "Chapters", "{7ABEA4AB-ED01-49C3-816C-5FD6FEDCF4E5}"
EndProject
Project("{2150E333-8FDC-42A3-9474-1A3956D46DE8}") = "Chapter2", "Chapter2", "{22E80E07-D84F-4D5C-96D1-87F0182F51FA}"
EndProject
Project("{2150E333-8FDC-42A3-9474-1A3956D46DE8}") = "Exercises", "Exercises", "{33402F51-1C3F-425F-9ACA-5BCA0E1C004B}"
EndProject
Project("{8BC9CEB8-8B4A-11D0-8D11-00A0C91BC942}") = "Exercise1", "Chapters\Chapter2\Exercises\Exercise1\Exercise1.vcxproj", "{07EB597C-EF0E-4591-B484-DCD5013D721E}"
EndProject
Project("{8BC9CEB8-8B4A-11D0-8D11-00A0C91BC942}") = "Exercise2", "Chapters\Chapter2\Exercises\Exercise2\Exercise2.vcxproj", "{D4F001BB-E5BF-4E01-8A88-A5E0BA72206F}"
EndProject
Project("{8BC9CEB8-8B4A-11D0-8D11-00A0C91BC942}") = "Exercise4", "Chapters\Chapter2\Exercises\Exercise4\Exercise4.vcxproj", "{3A31641E-FA44-4AB7-9610-D9122D2036EF}"
EndProject
Project("{8BC9CEB8-8B4A-11D0-8D11-00A0C91BC942}") = "Exercise3", "Chapters\Chapter2\Exercises\Exercise3\Exercise3.vcxproj", "{AF20175F-F42B-43B2-8AEC-EA4241B848C3}"
EndProject
Project("{2150E333-8FDC-42A3-9474-1A3956D46DE8}") = "Projects", "Projects", "{F4F853D2-F52F-48EB-B246-288D1C674A97}"
EndProject
Project("{8BC9CEB8-8B4A-11D0-8D11-00A0C91BC942}") = "Project1", "Chapters\Chapter2\Projects\Project1\Project1.vcxproj", "{AFE220F6-1121-4966-B355-74F3E46FC793}"
EndProject
Project("{8BC9CEB8-8B4A-11D0-8D11-00A0C91BC942}") = "Project2", "Chapters\Chapter2\Projects\Project2\Project2.vcxproj", "{F4BBD391-5E09-46B7-A411-5A65D3326DD4}"
EndProject
Project("{8BC9CEB8-8B4A-11D0-8D11-00A0C91BC942}") = "Project4", "Chapters\Chapter2\Projects\Project4\Project4.vcxproj", "{EECA5835-7BF0-41D5-AB76-C1A588F4A207}"
EndProject
Project("{8BC9CEB8-8B4A-11D0-8D11-00A0C91BC942}") = "Project5", "Chapters\Chapter2\Projects\Project5\Project5.vcxproj", "{A67954F7-F1D8-4315-B7FC-B8262ECCFBD4}"
EndProject
Project("{8BC9CEB8-8B4A-11D0-8D11-00A0C91BC942}") = "Project7", "Chapters\Chapter2\Projects\Project7\Project7.vcxproj", "{18D214E8-71B8-4097-B2CE-05650A7BE6D9}"
EndProject
Project("{8BC9CEB8-8B4A-11D0-8D11-00A0C91BC942}") = "Project8", "Chapters\Chapter2\Projects\Project8\Project8.vcxproj", "{63A5C573-4CF2-4F1D-93E2-443645124181}"
EndProject
Project("{2150E333-8FDC-42A3-9474-1A3956D46DE8}") = "Chapter3", "Chapter3", "{7532FABA-8D82-4617-A976-B5BDF56FD2DB}"
EndProject
Project("{8BC9CEB8-8B4A-11D0-8D11-00A0C91BC942}") = "tprintf", "Chapters\Chapter3\tprintf\tprintf.vcxproj", "{EB0A43E0-6D0E-421D-B95C-F8FBA640859C}"
EndProject
Project("{8BC9CEB8-8B4A-11D0-8D11-00A0C91BC942}") = "addfrac", "Chapters\Chapter3\addfrac\addfrac.vcxproj", "{067E1495-D380-4F6A-A910-5233235177BA}"
EndProject
Project("{2150E333-8FDC-42A3-9474-1A3956D46DE8}") = "Exercises", "Exercises", "{6FEB0EFD-2CE4-428B-AE75-E9332A7FC702}"
EndProject
Project("{8BC9CEB8-8B4A-11D0-8D11-00A0C91BC942}") = "Exercise1", "Chapters\Chapter3\Exercises\Exercise1\Exercise1.vcxproj", "{8448800E-C489-4C54-B117-3ABDAC3A9C14}"
EndProject
Project("{8BC9CEB8-8B4A-11D0-8D11-00A0C91BC942}") = "Exercise2", "Chapters\Chapter3\Exercises\Exercise2\Exercise2.vcxproj", "{00EEB087-6C2C-47ED-9897-78828F07B50C}"
EndProject
Project("{8BC9CEB8-8B4A-11D0-8D11-00A0C91BC942}") = "Exercise4", "Chapters\Chapter3\Exercises\Exercise4\Exercise4.vcxproj", "{0D865F5E-222E-476B-9097-7346C406DEC0}"
EndProject
Project("{8BC9CEB8-8B4A-11D0-8D11-00A0C91BC942}") = "Exercise3", "Chapters\Chapter3\Exercises\Exercise3\Exercise3.vcxproj", "{5B6219CA-4751-4A52-BD58-868D96780975}"
EndProject
Project("{8BC9CEB8-8B4A-11D0-8D11-00A0C91BC942}") = "Exercise5", "Chapters\Chapter3\Exercises\Exercise5\Exercise5.vcxproj", "{EDFE1545-9858-4ED7-9FE3-69DDBD9448CC}"
EndProject
Project("{8BC9CEB8-8B4A-11D0-8D11-00A0C91BC942}") = "Exercise6", "Chapters\Chapter3\Exercises\Exercise6\Exercise6.vcxproj", "{734A7E98-C866-4D30-AA11-B893A5429A89}"
EndProject
Project("{2150E333-8FDC-42A3-9474-1A3956D46DE8}") = "Projects", "Projects", "{44D07721-81CE-4D63-A32B-6039BF62CA09}"
EndProject
Project("{8BC9CEB8-8B4A-11D0-8D11-00A0C91BC942}") = "Project1", "Chapters\Chapter3\Projects\Project1\Project1.vcxproj", "{B346AB1A-94C8-4FDD-A8AA-5645E97B752F}"
EndProject
Project("{8BC9CEB8-8B4A-11D0-8D11-00A0C91BC942}") = "Project2", "Chapters\Chapter3\Projects\Project2\Project2.vcxproj", "{DDB6FC78-A8BA-4842-92BA-78F90A7C4922}"
EndProject
Project("{8BC9CEB8-8B4A-11D0-8D11-00A0C91BC942}") = "Project3", "Chapters\Chapter3\Projects\Project3\Project3.vcxproj", "{0384156F-238F-4213-8501-B885DA8553BD}"
EndProject
Project("{8BC9CEB8-8B4A-11D0-8D11-00A0C91BC942}") = "Project4", "Chapters\Chapter3\Projects\Project4\Project4.vcxproj", "{AC27CCC1-5F51-447A-B827-775EF9534D00}"
EndProject
Project("{8BC9CEB8-8B4A-11D0-8D11-00A0C91BC942}") = "Project5", "Chapters\Chapter3\Projects\Project5\Project5.vcxproj", "{3FF71B22-0FD6-42E4-8BDA-B72E11398CAA}"
EndProject
Project("{8BC9CEB8-8B4A-11D0-8D11-00A0C91BC942}") = "Project6", "Chapters\Chapter3\Projects\Project6\Project6.vcxproj", "{E6D55AB8-301B-4180-BF2A-EF429333A736}"
EndProject
Global
	GlobalSection(SolutionConfigurationPlatforms) = preSolution
		Debug|x64 = Debug|x64
		Debug|x86 = Debug|x86
		Release|x64 = Release|x64
		Release|x86 = Release|x86
	EndGlobalSection
	GlobalSection(ProjectConfigurationPlatforms) = postSolution
		{0B01D975-4B39-4A86-B8C2-BDC6670C138A}.Debug|x64.ActiveCfg = Debug|x64
		{0B01D975-4B39-4A86-B8C2-BDC6670C138A}.Debug|x64.Build.0 = Debug|x64
		{0B01D975-4B39-4A86-B8C2-BDC6670C138A}.Debug|x86.ActiveCfg = Debug|Win32
		{0B01D975-4B39-4A86-B8C2-BDC6670C138A}.Debug|x86.Build.0 = Debug|Win32
		{0B01D975-4B39-4A86-B8C2-BDC6670C138A}.Release|x64.ActiveCfg = Release|x64
		{0B01D975-4B39-4A86-B8C2-BDC6670C138A}.Release|x64.Build.0 = Release|x64
		{0B01D975-4B39-4A86-B8C2-BDC6670C138A}.Release|x86.ActiveCfg = Release|Win32
		{0B01D975-4B39-4A86-B8C2-BDC6670C138A}.Release|x86.Build.0 = Release|Win32
		{07EB597C-EF0E-4591-B484-DCD5013D721E}.Debug|x64.ActiveCfg = Debug|x64
		{07EB597C-EF0E-4591-B484-DCD5013D721E}.Debug|x64.Build.0 = Debug|x64
		{07EB597C-EF0E-4591-B484-DCD5013D721E}.Debug|x86.ActiveCfg = Debug|Win32
		{07EB597C-EF0E-4591-B484-DCD5013D721E}.Debug|x86.Build.0 = Debug|Win32
		{07EB597C-EF0E-4591-B484-DCD5013D721E}.Release|x64.ActiveCfg = Release|x64
		{07EB597C-EF0E-4591-B484-DCD5013D721E}.Release|x64.Build.0 = Release|x64
		{07EB597C-EF0E-4591-B484-DCD5013D721E}.Release|x86.ActiveCfg = Release|Win32
		{07EB597C-EF0E-4591-B484-DCD5013D721E}.Release|x86.Build.0 = Release|Win32
		{D4F001BB-E5BF-4E01-8A88-A5E0BA72206F}.Debug|x64.ActiveCfg = Debug|x64
		{D4F001BB-E5BF-4E01-8A88-A5E0BA72206F}.Debug|x64.Build.0 = Debug|x64
		{D4F001BB-E5BF-4E01-8A88-A5E0BA72206F}.Debug|x86.ActiveCfg = Debug|Win32
		{D4F001BB-E5BF-4E01-8A88-A5E0BA72206F}.Debug|x86.Build.0 = Debug|Win32
		{D4F001BB-E5BF-4E01-8A88-A5E0BA72206F}.Release|x64.ActiveCfg = Release|x64
		{D4F001BB-E5BF-4E01-8A88-A5E0BA72206F}.Release|x64.Build.0 = Release|x64
		{D4F001BB-E5BF-4E01-8A88-A5E0BA72206F}.Release|x86.ActiveCfg = Release|Win32
		{D4F001BB-E5BF-4E01-8A88-A5E0BA72206F}.Release|x86.Build.0 = Release|Win32
		{3A31641E-FA44-4AB7-9610-D9122D2036EF}.Debug|x64.ActiveCfg = Debug|x64
		{3A31641E-FA44-4AB7-9610-D9122D2036EF}.Debug|x64.Build.0 = Debug|x64
		{3A31641E-FA44-4AB7-9610-D9122D2036EF}.Debug|x86.ActiveCfg = Debug|Win32
		{3A31641E-FA44-4AB7-9610-D9122D2036EF}.Debug|x86.Build.0 = Debug|Win32
		{3A31641E-FA44-4AB7-9610-D9122D2036EF}.Release|x64.ActiveCfg = Release|x64
		{3A31641E-FA44-4AB7-9610-D9122D2036EF}.Release|x64.Build.0 = Release|x64
		{3A31641E-FA44-4AB7-9610-D9122D2036EF}.Release|x86.ActiveCfg = Release|Win32
		{3A31641E-FA44-4AB7-9610-D9122D2036EF}.Release|x86.Build.0 = Release|Win32
		{AF20175F-F42B-43B2-8AEC-EA4241B848C3}.Debug|x64.ActiveCfg = Debug|x64
		{AF20175F-F42B-43B2-8AEC-EA4241B848C3}.Debug|x64.Build.0 = Debug|x64
		{AF20175F-F42B-43B2-8AEC-EA4241B848C3}.Debug|x86.ActiveCfg = Debug|Win32
		{AF20175F-F42B-43B2-8AEC-EA4241B848C3}.Debug|x86.Build.0 = Debug|Win32
		{AF20175F-F42B-43B2-8AEC-EA4241B848C3}.Release|x64.ActiveCfg = Release|x64
		{AF20175F-F42B-43B2-8AEC-EA4241B848C3}.Release|x64.Build.0 = Release|x64
		{AF20175F-F42B-43B2-8AEC-EA4241B848C3}.Release|x86.ActiveCfg = Release|Win32
		{AF20175F-F42B-43B2-8AEC-EA4241B848C3}.Release|x86.Build.0 = Release|Win32
		{AFE220F6-1121-4966-B355-74F3E46FC793}.Debug|x64.ActiveCfg = Debug|x64
		{AFE220F6-1121-4966-B355-74F3E46FC793}.Debug|x64.Build.0 = Debug|x64
		{AFE220F6-1121-4966-B355-74F3E46FC793}.Debug|x86.ActiveCfg = Debug|Win32
		{AFE220F6-1121-4966-B355-74F3E46FC793}.Debug|x86.Build.0 = Debug|Win32
		{AFE220F6-1121-4966-B355-74F3E46FC793}.Release|x64.ActiveCfg = Release|x64
		{AFE220F6-1121-4966-B355-74F3E46FC793}.Release|x64.Build.0 = Release|x64
		{AFE220F6-1121-4966-B355-74F3E46FC793}.Release|x86.ActiveCfg = Release|Win32
		{AFE220F6-1121-4966-B355-74F3E46FC793}.Release|x86.Build.0 = Release|Win32
		{F4BBD391-5E09-46B7-A411-5A65D3326DD4}.Debug|x64.ActiveCfg = Debug|x64
		{F4BBD391-5E09-46B7-A411-5A65D3326DD4}.Debug|x64.Build.0 = Debug|x64
		{F4BBD391-5E09-46B7-A411-5A65D3326DD4}.Debug|x86.ActiveCfg = Debug|Win32
		{F4BBD391-5E09-46B7-A411-5A65D3326DD4}.Debug|x86.Build.0 = Debug|Win32
		{F4BBD391-5E09-46B7-A411-5A65D3326DD4}.Release|x64.ActiveCfg = Release|x64
		{F4BBD391-5E09-46B7-A411-5A65D3326DD4}.Release|x64.Build.0 = Release|x64
		{F4BBD391-5E09-46B7-A411-5A65D3326DD4}.Release|x86.ActiveCfg = Release|Win32
		{F4BBD391-5E09-46B7-A411-5A65D3326DD4}.Release|x86.Build.0 = Release|Win32
		{EECA5835-7BF0-41D5-AB76-C1A588F4A207}.Debug|x64.ActiveCfg = Debug|x64
		{EECA5835-7BF0-41D5-AB76-C1A588F4A207}.Debug|x64.Build.0 = Debug|x64
		{EECA5835-7BF0-41D5-AB76-C1A588F4A207}.Debug|x86.ActiveCfg = Debug|Win32
		{EECA5835-7BF0-41D5-AB76-C1A588F4A207}.Debug|x86.Build.0 = Debug|Win32
		{EECA5835-7BF0-41D5-AB76-C1A588F4A207}.Release|x64.ActiveCfg = Release|x64
		{EECA5835-7BF0-41D5-AB76-C1A588F4A207}.Release|x64.Build.0 = Release|x64
		{EECA5835-7BF0-41D5-AB76-C1A588F4A207}.Release|x86.ActiveCfg = Release|Win32
		{EECA5835-7BF0-41D5-AB76-C1A588F4A207}.Release|x86.Build.0 = Release|Win32
		{A67954F7-F1D8-4315-B7FC-B8262ECCFBD4}.Debug|x64.ActiveCfg = Debug|x64
		{A67954F7-F1D8-4315-B7FC-B8262ECCFBD4}.Debug|x64.Build.0 = Debug|x64
		{A67954F7-F1D8-4315-B7FC-B8262ECCFBD4}.Debug|x86.ActiveCfg = Debug|Win32
		{A67954F7-F1D8-4315-B7FC-B8262ECCFBD4}.Debug|x86.Build.0 = Debug|Win32
		{A67954F7-F1D8-4315-B7FC-B8262ECCFBD4}.Release|x64.ActiveCfg = Release|x64
		{A67954F7-F1D8-4315-B7FC-B8262ECCFBD4}.Release|x64.Build.0 = Release|x64
		{A67954F7-F1D8-4315-B7FC-B8262ECCFBD4}.Release|x86.ActiveCfg = Release|Win32
		{A67954F7-F1D8-4315-B7FC-B8262ECCFBD4}.Release|x86.Build.0 = Release|Win32
		{18D214E8-71B8-4097-B2CE-05650A7BE6D9}.Debug|x64.ActiveCfg = Debug|x64
		{18D214E8-71B8-4097-B2CE-05650A7BE6D9}.Debug|x64.Build.0 = Debug|x64
		{18D214E8-71B8-4097-B2CE-05650A7BE6D9}.Debug|x86.ActiveCfg = Debug|Win32
		{18D214E8-71B8-4097-B2CE-05650A7BE6D9}.Debug|x86.Build.0 = Debug|Win32
		{18D214E8-71B8-4097-B2CE-05650A7BE6D9}.Release|x64.ActiveCfg = Release|x64
		{18D214E8-71B8-4097-B2CE-05650A7BE6D9}.Release|x64.Build.0 = Release|x64
		{18D214E8-71B8-4097-B2CE-05650A7BE6D9}.Release|x86.ActiveCfg = Release|Win32
		{18D214E8-71B8-4097-B2CE-05650A7BE6D9}.Release|x86.Build.0 = Release|Win32
		{63A5C573-4CF2-4F1D-93E2-443645124181}.Debug|x64.ActiveCfg = Debug|x64
		{63A5C573-4CF2-4F1D-93E2-443645124181}.Debug|x64.Build.0 = Debug|x64
		{63A5C573-4CF2-4F1D-93E2-443645124181}.Debug|x86.ActiveCfg = Debug|Win32
		{63A5C573-4CF2-4F1D-93E2-443645124181}.Debug|x86.Build.0 = Debug|Win32
		{63A5C573-4CF2-4F1D-93E2-443645124181}.Release|x64.ActiveCfg = Release|x64
		{63A5C573-4CF2-4F1D-93E2-443645124181}.Release|x64.Build.0 = Release|x64
		{63A5C573-4CF2-4F1D-93E2-443645124181}.Release|x86.ActiveCfg = Release|Win32
		{63A5C573-4CF2-4F1D-93E2-443645124181}.Release|x86.Build.0 = Release|Win32
		{EB0A43E0-6D0E-421D-B95C-F8FBA640859C}.Debug|x64.ActiveCfg = Debug|x64
		{EB0A43E0-6D0E-421D-B95C-F8FBA640859C}.Debug|x64.Build.0 = Debug|x64
		{EB0A43E0-6D0E-421D-B95C-F8FBA640859C}.Debug|x86.ActiveCfg = Debug|Win32
		{EB0A43E0-6D0E-421D-B95C-F8FBA640859C}.Debug|x86.Build.0 = Debug|Win32
		{EB0A43E0-6D0E-421D-B95C-F8FBA640859C}.Release|x64.ActiveCfg = Release|x64
		{EB0A43E0-6D0E-421D-B95C-F8FBA640859C}.Release|x64.Build.0 = Release|x64
		{EB0A43E0-6D0E-421D-B95C-F8FBA640859C}.Release|x86.ActiveCfg = Release|Win32
		{EB0A43E0-6D0E-421D-B95C-F8FBA640859C}.Release|x86.Build.0 = Release|Win32
		{067E1495-D380-4F6A-A910-5233235177BA}.Debug|x64.ActiveCfg = Debug|x64
		{067E1495-D380-4F6A-A910-5233235177BA}.Debug|x64.Build.0 = Debug|x64
		{067E1495-D380-4F6A-A910-5233235177BA}.Debug|x86.ActiveCfg = Debug|Win32
		{067E1495-D380-4F6A-A910-5233235177BA}.Debug|x86.Build.0 = Debug|Win32
		{067E1495-D380-4F6A-A910-5233235177BA}.Release|x64.ActiveCfg = Release|x64
		{067E1495-D380-4F6A-A910-5233235177BA}.Release|x64.Build.0 = Release|x64
		{067E1495-D380-4F6A-A910-5233235177BA}.Release|x86.ActiveCfg = Release|Win32
		{067E1495-D380-4F6A-A910-5233235177BA}.Release|x86.Build.0 = Release|Win32
		{8448800E-C489-4C54-B117-3ABDAC3A9C14}.Debug|x64.ActiveCfg = Debug|x64
		{8448800E-C489-4C54-B117-3ABDAC3A9C14}.Debug|x64.Build.0 = Debug|x64
		{8448800E-C489-4C54-B117-3ABDAC3A9C14}.Debug|x86.ActiveCfg = Debug|Win32
		{8448800E-C489-4C54-B117-3ABDAC3A9C14}.Debug|x86.Build.0 = Debug|Win32
		{8448800E-C489-4C54-B117-3ABDAC3A9C14}.Release|x64.ActiveCfg = Release|x64
		{8448800E-C489-4C54-B117-3ABDAC3A9C14}.Release|x64.Build.0 = Release|x64
		{8448800E-C489-4C54-B117-3ABDAC3A9C14}.Release|x86.ActiveCfg = Release|Win32
		{8448800E-C489-4C54-B117-3ABDAC3A9C14}.Release|x86.Build.0 = Release|Win32
		{00EEB087-6C2C-47ED-9897-78828F07B50C}.Debug|x64.ActiveCfg = Debug|x64
		{00EEB087-6C2C-47ED-9897-78828F07B50C}.Debug|x64.Build.0 = Debug|x64
		{00EEB087-6C2C-47ED-9897-78828F07B50C}.Debug|x86.ActiveCfg = Debug|Win32
		{00EEB087-6C2C-47ED-9897-78828F07B50C}.Debug|x86.Build.0 = Debug|Win32
		{00EEB087-6C2C-47ED-9897-78828F07B50C}.Release|x64.ActiveCfg = Release|x64
		{00EEB087-6C2C-47ED-9897-78828F07B50C}.Release|x64.Build.0 = Release|x64
		{00EEB087-6C2C-47ED-9897-78828F07B50C}.Release|x86.ActiveCfg = Release|Win32
		{00EEB087-6C2C-47ED-9897-78828F07B50C}.Release|x86.Build.0 = Release|Win32
		{0D865F5E-222E-476B-9097-7346C406DEC0}.Debug|x64.ActiveCfg = Debug|x64
		{0D865F5E-222E-476B-9097-7346C406DEC0}.Debug|x64.Build.0 = Debug|x64
		{0D865F5E-222E-476B-9097-7346C406DEC0}.Debug|x86.ActiveCfg = Debug|Win32
		{0D865F5E-222E-476B-9097-7346C406DEC0}.Debug|x86.Build.0 = Debug|Win32
		{0D865F5E-222E-476B-9097-7346C406DEC0}.Release|x64.ActiveCfg = Release|x64
		{0D865F5E-222E-476B-9097-7346C406DEC0}.Release|x64.Build.0 = Release|x64
		{0D865F5E-222E-476B-9097-7346C406DEC0}.Release|x86.ActiveCfg = Release|Win32
		{0D865F5E-222E-476B-9097-7346C406DEC0}.Release|x86.Build.0 = Release|Win32
		{5B6219CA-4751-4A52-BD58-868D96780975}.Debug|x64.ActiveCfg = Debug|x64
		{5B6219CA-4751-4A52-BD58-868D96780975}.Debug|x64.Build.0 = Debug|x64
		{5B6219CA-4751-4A52-BD58-868D96780975}.Debug|x86.ActiveCfg = Debug|Win32
		{5B6219CA-4751-4A52-BD58-868D96780975}.Debug|x86.Build.0 = Debug|Win32
		{5B6219CA-4751-4A52-BD58-868D96780975}.Release|x64.ActiveCfg = Release|x64
		{5B6219CA-4751-4A52-BD58-868D96780975}.Release|x64.Build.0 = Release|x64
		{5B6219CA-4751-4A52-BD58-868D96780975}.Release|x86.ActiveCfg = Release|Win32
		{5B6219CA-4751-4A52-BD58-868D96780975}.Release|x86.Build.0 = Release|Win32
		{EDFE1545-9858-4ED7-9FE3-69DDBD9448CC}.Debug|x64.ActiveCfg = Debug|x64
		{EDFE1545-9858-4ED7-9FE3-69DDBD9448CC}.Debug|x64.Build.0 = Debug|x64
		{EDFE1545-9858-4ED7-9FE3-69DDBD9448CC}.Debug|x86.ActiveCfg = Debug|Win32
		{EDFE1545-9858-4ED7-9FE3-69DDBD9448CC}.Debug|x86.Build.0 = Debug|Win32
		{EDFE1545-9858-4ED7-9FE3-69DDBD9448CC}.Release|x64.ActiveCfg = Release|x64
		{EDFE1545-9858-4ED7-9FE3-69DDBD9448CC}.Release|x64.Build.0 = Release|x64
		{EDFE1545-9858-4ED7-9FE3-69DDBD9448CC}.Release|x86.ActiveCfg = Release|Win32
		{EDFE1545-9858-4ED7-9FE3-69DDBD9448CC}.Release|x86.Build.0 = Release|Win32
		{734A7E98-C866-4D30-AA11-B893A5429A89}.Debug|x64.ActiveCfg = Debug|x64
		{734A7E98-C866-4D30-AA11-B893A5429A89}.Debug|x64.Build.0 = Debug|x64
		{734A7E98-C866-4D30-AA11-B893A5429A89}.Debug|x86.ActiveCfg = Debug|Win32
		{734A7E98-C866-4D30-AA11-B893A5429A89}.Debug|x86.Build.0 = Debug|Win32
		{734A7E98-C866-4D30-AA11-B893A5429A89}.Release|x64.ActiveCfg = Release|x64
		{734A7E98-C866-4D30-AA11-B893A5429A89}.Release|x64.Build.0 = Release|x64
		{734A7E98-C866-4D30-AA11-B893A5429A89}.Release|x86.ActiveCfg = Release|Win32
		{734A7E98-C866-4D30-AA11-B893A5429A89}.Release|x86.Build.0 = Release|Win32
		{B346AB1A-94C8-4FDD-A8AA-5645E97B752F}.Debug|x64.ActiveCfg = Debug|x64
		{B346AB1A-94C8-4FDD-A8AA-5645E97B752F}.Debug|x64.Build.0 = Debug|x64
		{B346AB1A-94C8-4FDD-A8AA-5645E97B752F}.Debug|x86.ActiveCfg = Debug|Win32
		{B346AB1A-94C8-4FDD-A8AA-5645E97B752F}.Debug|x86.Build.0 = Debug|Win32
		{B346AB1A-94C8-4FDD-A8AA-5645E97B752F}.Release|x64.ActiveCfg = Release|x64
		{B346AB1A-94C8-4FDD-A8AA-5645E97B752F}.Release|x64.Build.0 = Release|x64
		{B346AB1A-94C8-4FDD-A8AA-5645E97B752F}.Release|x86.ActiveCfg = Release|Win32
		{B346AB1A-94C8-4FDD-A8AA-5645E97B752F}.Release|x86.Build.0 = Release|Win32
		{DDB6FC78-A8BA-4842-92BA-78F90A7C4922}.Debug|x64.ActiveCfg = Debug|x64
		{DDB6FC78-A8BA-4842-92BA-78F90A7C4922}.Debug|x64.Build.0 = Debug|x64
		{DDB6FC78-A8BA-4842-92BA-78F90A7C4922}.Debug|x86.ActiveCfg = Debug|Win32
		{DDB6FC78-A8BA-4842-92BA-78F90A7C4922}.Debug|x86.Build.0 = Debug|Win32
		{DDB6FC78-A8BA-4842-92BA-78F90A7C4922}.Release|x64.ActiveCfg = Release|x64
		{DDB6FC78-A8BA-4842-92BA-78F90A7C4922}.Release|x64.Build.0 = Release|x64
		{DDB6FC78-A8BA-4842-92BA-78F90A7C4922}.Release|x86.ActiveCfg = Release|Win32
		{DDB6FC78-A8BA-4842-92BA-78F90A7C4922}.Release|x86.Build.0 = Release|Win32
		{0384156F-238F-4213-8501-B885DA8553BD}.Debug|x64.ActiveCfg = Debug|x64
		{0384156F-238F-4213-8501-B885DA8553BD}.Debug|x64.Build.0 = Debug|x64
		{0384156F-238F-4213-8501-B885DA8553BD}.Debug|x86.ActiveCfg = Debug|Win32
		{0384156F-238F-4213-8501-B885DA8553BD}.Debug|x86.Build.0 = Debug|Win32
		{0384156F-238F-4213-8501-B885DA8553BD}.Release|x64.ActiveCfg = Release|x64
		{0384156F-238F-4213-8501-B885DA8553BD}.Release|x64.Build.0 = Release|x64
		{0384156F-238F-4213-8501-B885DA8553BD}.Release|x86.ActiveCfg = Release|Win32
		{0384156F-238F-4213-8501-B885DA8553BD}.Release|x86.Build.0 = Release|Win32
		{AC27CCC1-5F51-447A-B827-775EF9534D00}.Debug|x64.ActiveCfg = Debug|x64
		{AC27CCC1-5F51-447A-B827-775EF9534D00}.Debug|x64.Build.0 = Debug|x64
		{AC27CCC1-5F51-447A-B827-775EF9534D00}.Debug|x86.ActiveCfg = Debug|Win32
		{AC27CCC1-5F51-447A-B827-775EF9534D00}.Debug|x86.Build.0 = Debug|Win32
		{AC27CCC1-5F51-447A-B827-775EF9534D00}.Release|x64.ActiveCfg = Release|x64
		{AC27CCC1-5F51-447A-B827-775EF9534D00}.Release|x64.Build.0 = Release|x64
		{AC27CCC1-5F51-447A-B827-775EF9534D00}.Release|x86.ActiveCfg = Release|Win32
		{AC27CCC1-5F51-447A-B827-775EF9534D00}.Release|x86.Build.0 = Release|Win32
		{3FF71B22-0FD6-42E4-8BDA-B72E11398CAA}.Debug|x64.ActiveCfg = Debug|x64
		{3FF71B22-0FD6-42E4-8BDA-B72E11398CAA}.Debug|x64.Build.0 = Debug|x64
		{3FF71B22-0FD6-42E4-8BDA-B72E11398CAA}.Debug|x86.ActiveCfg = Debug|Win32
		{3FF71B22-0FD6-42E4-8BDA-B72E11398CAA}.Debug|x86.Build.0 = Debug|Win32
		{3FF71B22-0FD6-42E4-8BDA-B72E11398CAA}.Release|x64.ActiveCfg = Release|x64
		{3FF71B22-0FD6-42E4-8BDA-B72E11398CAA}.Release|x64.Build.0 = Release|x64
		{3FF71B22-0FD6-42E4-8BDA-B72E11398CAA}.Release|x86.ActiveCfg = Release|Win32
		{3FF71B22-0FD6-42E4-8BDA-B72E11398CAA}.Release|x86.Build.0 = Release|Win32
		{E6D55AB8-301B-4180-BF2A-EF429333A736}.Debug|x64.ActiveCfg = Debug|x64
		{E6D55AB8-301B-4180-BF2A-EF429333A736}.Debug|x64.Build.0 = Debug|x64
		{E6D55AB8-301B-4180-BF2A-EF429333A736}.Debug|x86.ActiveCfg = Debug|Win32
		{E6D55AB8-301B-4180-BF2A-EF429333A736}.Debug|x86.Build.0 = Debug|Win32
		{E6D55AB8-301B-4180-BF2A-EF429333A736}.Release|x64.ActiveCfg = Release|x64
		{E6D55AB8-301B-4180-BF2A-EF429333A736}.Release|x64.Build.0 = Release|x64
		{E6D55AB8-301B-4180-BF2A-EF429333A736}.Release|x86.ActiveCfg = Release|Win32
		{E6D55AB8-301B-4180-BF2A-EF429333A736}.Release|x86.Build.0 = Release|Win32
	EndGlobalSection
	GlobalSection(SolutionProperties) = preSolution
		HideSolutionNode = FALSE
	EndGlobalSection
	GlobalSection(NestedProjects) = preSolution
		{22E80E07-D84F-4D5C-96D1-87F0182F51FA} = {7ABEA4AB-ED01-49C3-816C-5FD6FEDCF4E5}
		{33402F51-1C3F-425F-9ACA-5BCA0E1C004B} = {22E80E07-D84F-4D5C-96D1-87F0182F51FA}
		{07EB597C-EF0E-4591-B484-DCD5013D721E} = {33402F51-1C3F-425F-9ACA-5BCA0E1C004B}
		{D4F001BB-E5BF-4E01-8A88-A5E0BA72206F} = {33402F51-1C3F-425F-9ACA-5BCA0E1C004B}
		{3A31641E-FA44-4AB7-9610-D9122D2036EF} = {33402F51-1C3F-425F-9ACA-5BCA0E1C004B}
		{AF20175F-F42B-43B2-8AEC-EA4241B848C3} = {33402F51-1C3F-425F-9ACA-5BCA0E1C004B}
		{F4F853D2-F52F-48EB-B246-288D1C674A97} = {22E80E07-D84F-4D5C-96D1-87F0182F51FA}
		{AFE220F6-1121-4966-B355-74F3E46FC793} = {F4F853D2-F52F-48EB-B246-288D1C674A97}
		{F4BBD391-5E09-46B7-A411-5A65D3326DD4} = {F4F853D2-F52F-48EB-B246-288D1C674A97}
		{EECA5835-7BF0-41D5-AB76-C1A588F4A207} = {F4F853D2-F52F-48EB-B246-288D1C674A97}
		{A67954F7-F1D8-4315-B7FC-B8262ECCFBD4} = {F4F853D2-F52F-48EB-B246-288D1C674A97}
		{18D214E8-71B8-4097-B2CE-05650A7BE6D9} = {F4F853D2-F52F-48EB-B246-288D1C674A97}
		{63A5C573-4CF2-4F1D-93E2-443645124181} = {F4F853D2-F52F-48EB-B246-288D1C674A97}
		{7532FABA-8D82-4617-A976-B5BDF56FD2DB} = {7ABEA4AB-ED01-49C3-816C-5FD6FEDCF4E5}
		{EB0A43E0-6D0E-421D-B95C-F8FBA640859C} = {7532FABA-8D82-4617-A976-B5BDF56FD2DB}
		{067E1495-D380-4F6A-A910-5233235177BA} = {7532FABA-8D82-4617-A976-B5BDF56FD2DB}
		{6FEB0EFD-2CE4-428B-AE75-E9332A7FC702} = {7532FABA-8D82-4617-A976-B5BDF56FD2DB}
		{8448800E-C489-4C54-B117-3ABDAC3A9C14} = {6FEB0EFD-2CE4-428B-AE75-E9332A7FC702}
		{00EEB087-6C2C-47ED-9897-78828F07B50C} = {6FEB0EFD-2CE4-428B-AE75-E9332A7FC702}
		{0D865F5E-222E-476B-9097-7346C406DEC0} = {6FEB0EFD-2CE4-428B-AE75-E9332A7FC702}
		{5B6219CA-4751-4A52-BD58-868D96780975} = {6FEB0EFD-2CE4-428B-AE75-E9332A7FC702}
		{EDFE1545-9858-4ED7-9FE3-69DDBD9448CC} = {6FEB0EFD-2CE4-428B-AE75-E9332A7FC702}
		{734A7E98-C866-4D30-AA11-B893A5429A89} = {6FEB0EFD-2CE4-428B-AE75-E9332A7FC702}
		{44D07721-81CE-4D63-A32B-6039BF62CA09} = {7532FABA-8D82-4617-A976-B5BDF56FD2DB}
		{B346AB1A-94C8-4FDD-A8AA-5645E97B752F} = {44D07721-81CE-4D63-A32B-6039BF62CA09}
		{DDB6FC78-A8BA-4842-92BA-78F90A7C4922} = {44D07721-81CE-4D63-A32B-6039BF62CA09}
		{0384156F-238F-4213-8501-B885DA8553BD} = {44D07721-81CE-4D63-A32B-6039BF62CA09}
		{AC27CCC1-5F51-447A-B827-775EF9534D00} = {44D07721-81CE-4D63-A32B-6039BF62CA09}
		{3FF71B22-0FD6-42E4-8BDA-B72E11398CAA} = {44D07721-81CE-4D63-A32B-6039BF62CA09}
		{E6D55AB8-301B-4180-BF2A-EF429333A736} = {44D07721-81CE-4D63-A32B-6039BF62CA09}
	EndGlobalSection
	GlobalSection(ExtensibilityGlobals) = postSolution
		SolutionGuid = {F715C73E-DD3D-469D-9170-DC49844C2F5B}
	EndGlobalSection
EndGlobal
