
Microsoft Visual Studio Solution File, Format Version 12.00
# Visual Studio Version 17
VisualStudioVersion = 17.8.34330.188
MinimumVisualStudioVersion = 10.0.40219.1
Project("{8BC9CEB8-8B4A-11D0-8D11-00A0C91BC942}") = "LearningC", "LearningC\LearningC.vcxproj", "{0B01D975-4B39-4A86-B8C2-BDC6670C138A}"
EndProject
Project("{2150E333-8FDC-42A3-9474-1A3956D46DE8}") = "Chapters", "Chapters", "{7ABEA4AB-ED01-49C3-816C-5FD6FEDCF4E5}"
EndProject
Project("{2150E333-8FDC-42A3-9474-1A3956D46DE8}") = "Chapter2", "Chapter2", "{22E80E07-D84F-4D5C-96D1-87F0182F51FA}"
EndProject
Project("{2150E333-8FDC-42A3-9474-1A3956D46DE8}") = "Exercises", "Exercises", "{33402F51-1C3F-425F-9ACA-5BCA0E1C004B}"
EndProject
Project("{8BC9CEB8-8B4A-11D0-8D11-00A0C91BC942}") = "Exercise1", "Chapters\Chapter2\Exercises\Exercise1\Exercise1.vcxproj", "{07EB597C-EF0E-4591-B484-DCD5013D721E}"
EndProject
Project("{8BC9CEB8-8B4A-11D0-8D11-00A0C91BC942}") = "Exercise2", "Chapters\Chapter2\Exercises\Exercise2\Exercise2.vcxproj", "{D4F001BB-E5BF-4E01-8A88-A5E0BA72206F}"
EndProject
Project("{8BC9CEB8-8B4A-11D0-8D11-00A0C91BC942}") = "Exercise4", "Chapters\Chapter2\Exercises\Exercise4\Exercise4.vcxproj", "{3A31641E-FA44-4AB7-9610-D9122D2036EF}"
EndProject
Project("{8BC9CEB8-8B4A-11D0-8D11-00A0C91BC942}") = "Exercise3", "Chapters\Chapter2\Exercises\Exercise3\Exercise3.vcxproj", "{AF20175F-F42B-43B2-8AEC-EA4241B848C3}"
EndProject
Global
	GlobalSection(SolutionConfigurationPlatforms) = preSolution
		Debug|x64 = Debug|x64
		Debug|x86 = Debug|x86
		Release|x64 = Release|x64
		Release|x86 = Release|x86
	EndGlobalSection
	GlobalSection(ProjectConfigurationPlatforms) = postSolution
		{0B01D975-4B39-4A86-B8C2-BDC6670C138A}.Debug|x64.ActiveCfg = Debug|x64
		{0B01D975-4B39-4A86-B8C2-BDC6670C138A}.Debug|x64.Build.0 = Debug|x64
		{0B01D975-4B39-4A86-B8C2-BDC6670C138A}.Debug|x86.ActiveCfg = Debug|Win32
		{0B01D975-4B39-4A86-B8C2-BDC6670C138A}.Debug|x86.Build.0 = Debug|Win32
		{0B01D975-4B39-4A86-B8C2-BDC6670C138A}.Release|x64.ActiveCfg = Release|x64
		{0B01D975-4B39-4A86-B8C2-BDC6670C138A}.Release|x64.Build.0 = Release|x64
		{0B01D975-4B39-4A86-B8C2-BDC6670C138A}.Release|x86.ActiveCfg = Release|Win32
		{0B01D975-4B39-4A86-B8C2-BDC6670C138A}.Release|x86.Build.0 = Release|Win32
		{07EB597C-EF0E-4591-B484-DCD5013D721E}.Debug|x64.ActiveCfg = Debug|x64
		{07EB597C-EF0E-4591-B484-DCD5013D721E}.Debug|x64.Build.0 = Debug|x64
		{07EB597C-EF0E-4591-B484-DCD5013D721E}.Debug|x86.ActiveCfg = Debug|Win32
		{07EB597C-EF0E-4591-B484-DCD5013D721E}.Debug|x86.Build.0 = Debug|Win32
		{07EB597C-EF0E-4591-B484-DCD5013D721E}.Release|x64.ActiveCfg = Release|x64
		{07EB597C-EF0E-4591-B484-DCD5013D721E}.Release|x64.Build.0 = Release|x64
		{07EB597C-EF0E-4591-B484-DCD5013D721E}.Release|x86.ActiveCfg = Release|Win32
		{07EB597C-EF0E-4591-B484-DCD5013D721E}.Release|x86.Build.0 = Release|Win32
		{D4F001BB-E5BF-4E01-8A88-A5E0BA72206F}.Debug|x64.ActiveCfg = Debug|x64
		{D4F001BB-E5BF-4E01-8A88-A5E0BA72206F}.Debug|x64.Build.0 = Debug|x64
		{D4F001BB-E5BF-4E01-8A88-A5E0BA72206F}.Debug|x86.ActiveCfg = Debug|Win32
		{D4F001BB-E5BF-4E01-8A88-A5E0BA72206F}.Debug|x86.Build.0 = Debug|Win32
		{D4F001BB-E5BF-4E01-8A88-A5E0BA72206F}.Release|x64.ActiveCfg = Release|x64
		{D4F001BB-E5BF-4E01-8A88-A5E0BA72206F}.Release|x64.Build.0 = Release|x64
		{D4F001BB-E5BF-4E01-8A88-A5E0BA72206F}.Release|x86.ActiveCfg = Release|Win32
		{D4F001BB-E5BF-4E01-8A88-A5E0BA72206F}.Release|x86.Build.0 = Release|Win32
		{3A31641E-FA44-4AB7-9610-D9122D2036EF}.Debug|x64.ActiveCfg = Debug|x64
		{3A31641E-FA44-4AB7-9610-D9122D2036EF}.Debug|x64.Build.0 = Debug|x64
		{3A31641E-FA44-4AB7-9610-D9122D2036EF}.Debug|x86.ActiveCfg = Debug|Win32
		{3A31641E-FA44-4AB7-9610-D9122D2036EF}.Debug|x86.Build.0 = Debug|Win32
		{3A31641E-FA44-4AB7-9610-D9122D2036EF}.Release|x64.ActiveCfg = Release|x64
		{3A31641E-FA44-4AB7-9610-D9122D2036EF}.Release|x64.Build.0 = Release|x64
		{3A31641E-FA44-4AB7-9610-D9122D2036EF}.Release|x86.ActiveCfg = Release|Win32
		{3A31641E-FA44-4AB7-9610-D9122D2036EF}.Release|x86.Build.0 = Release|Win32
		{AF20175F-F42B-43B2-8AEC-EA4241B848C3}.Debug|x64.ActiveCfg = Debug|x64
		{AF20175F-F42B-43B2-8AEC-EA4241B848C3}.Debug|x64.Build.0 = Debug|x64
		{AF20175F-F42B-43B2-8AEC-EA4241B848C3}.Debug|x86.ActiveCfg = Debug|Win32
		{AF20175F-F42B-43B2-8AEC-EA4241B848C3}.Debug|x86.Build.0 = Debug|Win32
		{AF20175F-F42B-43B2-8AEC-EA4241B848C3}.Release|x64.ActiveCfg = Release|x64
		{AF20175F-F42B-43B2-8AEC-EA4241B848C3}.Release|x64.Build.0 = Release|x64
		{AF20175F-F42B-43B2-8AEC-EA4241B848C3}.Release|x86.ActiveCfg = Release|Win32
		{AF20175F-F42B-43B2-8AEC-EA4241B848C3}.Release|x86.Build.0 = Release|Win32
	EndGlobalSection
	GlobalSection(SolutionProperties) = preSolution
		HideSolutionNode = FALSE
	EndGlobalSection
	GlobalSection(NestedProjects) = preSolution
		{22E80E07-D84F-4D5C-96D1-87F0182F51FA} = {7ABEA4AB-ED01-49C3-816C-5FD6FEDCF4E5}
		{33402F51-1C3F-425F-9ACA-5BCA0E1C004B} = {22E80E07-D84F-4D5C-96D1-87F0182F51FA}
		{07EB597C-EF0E-4591-B484-DCD5013D721E} = {33402F51-1C3F-425F-9ACA-5BCA0E1C004B}
		{D4F001BB-E5BF-4E01-8A88-A5E0BA72206F} = {33402F51-1C3F-425F-9ACA-5BCA0E1C004B}
		{3A31641E-FA44-4AB7-9610-D9122D2036EF} = {33402F51-1C3F-425F-9ACA-5BCA0E1C004B}
		{AF20175F-F42B-43B2-8AEC-EA4241B848C3} = {33402F51-1C3F-425F-9ACA-5BCA0E1C004B}
	EndGlobalSection
	GlobalSection(ExtensibilityGlobals) = postSolution
		SolutionGuid = {F715C73E-DD3D-469D-9170-DC49844C2F5B}
	EndGlobalSection
EndGlobal
